Microsoft Visual Studio Solution File, Format Version 11.00
# Visual Studio 2008

Project("{EA28BA3C-45F9-BD18-D917-F0B060600325}") = "WorldBank-RBF", "Assembly-CSharp-firstpass-vs.csproj", "{2EEBCDF7-2C62-0A3B-1FFB-036F7FD7AD9B}"
EndProject
Project("{EA28BA3C-45F9-BD18-D917-F0B060600325}") = "WorldBank-RBF", "Assembly-CSharp-vs.csproj", "{98438550-7427-66A0-6B78-615AD541B9EE}"
EndProject
Project("{EA28BA3C-45F9-BD18-D917-F0B060600325}") = "WorldBank-RBF", "Assembly-CSharp-Editor-vs.csproj", "{23B29242-C960-D0C0-14DB-82FC69816986}"
EndProject
Global
	GlobalSection(SolutionConfigurationPlatforms) = preSolution
		Debug|Any CPU = Debug|Any CPU
		Release|Any CPU = Release|Any CPU
	EndGlobalSection
	GlobalSection(ProjectConfigurationPlatforms) = postSolution
		{2EEBCDF7-2C62-0A3B-1FFB-036F7FD7AD9B}.Debug|Any CPU.ActiveCfg = Debug|Any CPU
		{2EEBCDF7-2C62-0A3B-1FFB-036F7FD7AD9B}.Debug|Any CPU.Build.0 = Debug|Any CPU
		{2EEBCDF7-2C62-0A3B-1FFB-036F7FD7AD9B}.Release|Any CPU.ActiveCfg = Release|Any CPU
		{2EEBCDF7-2C62-0A3B-1FFB-036F7FD7AD9B}.Release|Any CPU.Build.0 = Release|Any CPU
		{98438550-7427-66A0-6B78-615AD541B9EE}.Debug|Any CPU.ActiveCfg = Debug|Any CPU
		{98438550-7427-66A0-6B78-615AD541B9EE}.Debug|Any CPU.Build.0 = Debug|Any CPU
		{98438550-7427-66A0-6B78-615AD541B9EE}.Release|Any CPU.ActiveCfg = Release|Any CPU
		{98438550-7427-66A0-6B78-615AD541B9EE}.Release|Any CPU.Build.0 = Release|Any CPU
		{23B29242-C960-D0C0-14DB-82FC69816986}.Debug|Any CPU.ActiveCfg = Debug|Any CPU
		{23B29242-C960-D0C0-14DB-82FC69816986}.Debug|Any CPU.Build.0 = Debug|Any CPU
		{23B29242-C960-D0C0-14DB-82FC69816986}.Release|Any CPU.ActiveCfg = Release|Any CPU
		{23B29242-C960-D0C0-14DB-82FC69816986}.Release|Any CPU.Build.0 = Release|Any CPU
	EndGlobalSection
	GlobalSection(SolutionProperties) = preSolution
		HideSolutionNode = FALSE
	EndGlobalSection
				GlobalSection(MonoDevelopProperties) = preSolution
		StartupItem = Assembly-CSharp.csproj
		Policies = $0
		$0.TextStylePolicy = $1
		$1.inheritsSet = null
		$1.scope = text/x-csharp
		$0.CSharpFormattingPolicy = $2
		$2.inheritsSet = Mono
		$2.inheritsScope = text/x-csharp
		$2.scope = text/x-csharp
		$0.TextStylePolicy = $3
		$3.FileWidth = 120
		$3.TabWidth = 4
		$3.IndentWidth = 4
		$3.EolMarker = Unix
		$3.inheritsSet = Mono
		$3.inheritsScope = text/plain
		$3.scope = text/plain
	EndGlobalSection

EndGlobal
